
Microsoft Visual Studio Solution File, Format Version 12.00
# Visual Studio Version 17
VisualStudioVersion = 17.12.35527.113 d17.12
MinimumVisualStudioVersion = 10.0.40219.1
Project("{FAE04EC0-301F-11D3-BF4B-00C04F79EFBC}") = "BlazorStrapV5ServerTemplate", "BlazorStrapV5ServerTemplate.csproj", "{9047B42F-3F7C-4F0E-B2D5-F26ECBE77E2E}"
EndProject
Global
	GlobalSection(SolutionConfigurationPlatforms) = preSolution
		Debug|Any CPU = Debug|Any CPU
		Release|Any CPU = Release|Any CPU
	EndGlobalSection
	GlobalSection(ProjectConfigurationPlatforms) = postSolution
		{9047B42F-3F7C-4F0E-B2D5-F26ECBE77E2E}.Debug|Any CPU.ActiveCfg = Debug|Any CPU
		{9047B42F-3F7C-4F0E-B2D5-F26ECBE77E2E}.Debug|Any CPU.Build.0 = Debug|Any CPU
		{9047B42F-3F7C-4F0E-B2D5-F26ECBE77E2E}.Release|Any CPU.ActiveCfg = Release|Any CPU
		{9047B42F-3F7C-4F0E-B2D5-F26ECBE77E2E}.Release|Any CPU.Build.0 = Release|Any CPU
	EndGlobalSection
	GlobalSection(SolutionProperties) = preSolution
		HideSolutionNode = FALSE
	EndGlobalSection
EndGlobal
